<?xml version="1.0" encoding="utf-8"?>
<Project ToolsVersion="Current" xmlns="http://schemas.microsoft.com/developer/msbuild/2003">
  <ItemGroup>
    <ClCompile Include="Buffer.c">
      <Filter>Source Files</Filter>
    </ClCompile>
    <ClCompile Include="Debug.c">
      <Filter>Source Files</Filter>
    </ClCompile>
    <ClCompile Include="Mirror.c">
      <Filter>Source Files</Filter>
    </ClCompile>
    <ClCompile Include="Screen.c">
      <Filter>Source Files</Filter>
    </ClCompile>
  </ItemGroup>
  <ItemGroup>
    <ClInclude Include="Buffer.h">
      <Filter>Header Files</Filter>
    </ClInclude>
    <ClInclude Include="Debug.h">
      <Filter>Header Files</Filter>
    </ClInclude>
    <ClInclude Include="Mirror.h">
      <Filter>Header Files</Filter>
    </ClInclude>
    <ClInclude Include="Resource.h">
      <Filter>Header Files</Filter>
    </ClInclude>
  </ItemGroup>
  <ItemGroup>
    <Filter Include="Header Files">
      <UniqueIdentifier>{38fc9aa6-f3ed-4c6e-a5f7-bbc180a02c34}</UniqueIdentifier>
    </Filter>
    <Filter Include="Source Files">
      <UniqueIdentifier>{8dea62aa-7c41-444b-bcc7-cb2b01de27ea}</UniqueIdentifier>
    </Filter>
    <Filter Include="Resource Files">
      <UniqueIdentifier>{c38c2a00-750e-477d-b395-0b9c2604651b}</UniqueIdentifier>
    </Filter>
    <Filter Include="Driver Files">
      <UniqueIdentifier>{92eb119d-828d-4cb9-9390-52b7b1039c7c}</UniqueIdentifier>
    </Filter>
  </ItemGroup>
  <ItemGroup>
    <ResourceCompile Include="Resource.rc">
      <Filter>Resource Files</Filter>
    </ResourceCompile>
  </ItemGroup>
  <ItemGroup>
    <Inf Include="gdihook.inf">
      <Filter>Driver Files</Filter>
    </Inf>
  </ItemGroup>
</Project>